
Microsoft Visual Studio Solution File, Format Version 12.00
# Visual Studio 15
VisualStudioVersion = 15.0.27130.2003
MinimumVisualStudioVersion = 10.0.40219.1
Project("{9A19103F-16F7-4668-BE54-9A1E7A4F7556}") = "LibApiBrowser", "LibApiBrowser\LibApiBrowser.csproj", "{C48990D7-CB30-40A3-9B14-F6D62B2ACD72}"
EndProject
Project("{FAE04EC0-301F-11D3-BF4B-00C04F79EFBC}") = "ClassLibraryTest", "ClassLibraryTest\ClassLibraryTest.csproj", "{9BB6077F-9039-45E5-BDA8-5BB6ABB02843}"
EndProject
Global
	GlobalSection(SolutionConfigurationPlatforms) = preSolution
		Debug|Any CPU = Debug|Any CPU
		Release|Any CPU = Release|Any CPU
	EndGlobalSection
	GlobalSection(ProjectConfigurationPlatforms) = postSolution
		{C48990D7-CB30-40A3-9B14-F6D62B2ACD72}.Debug|Any CPU.ActiveCfg = Debug|Any CPU
		{C48990D7-CB30-40A3-9B14-F6D62B2ACD72}.Debug|Any CPU.Build.0 = Debug|Any CPU
		{C48990D7-CB30-40A3-9B14-F6D62B2ACD72}.Release|Any CPU.ActiveCfg = Release|Any CPU
		{C48990D7-CB30-40A3-9B14-F6D62B2ACD72}.Release|Any CPU.Build.0 = Release|Any CPU
		{9BB6077F-9039-45E5-BDA8-5BB6ABB02843}.Debug|Any CPU.ActiveCfg = Debug|Any CPU
		{9BB6077F-9039-45E5-BDA8-5BB6ABB02843}.Debug|Any CPU.Build.0 = Debug|Any CPU
		{9BB6077F-9039-45E5-BDA8-5BB6ABB02843}.Release|Any CPU.ActiveCfg = Release|Any CPU
		{9BB6077F-9039-45E5-BDA8-5BB6ABB02843}.Release|Any CPU.Build.0 = Release|Any CPU
	EndGlobalSection
	GlobalSection(SolutionProperties) = preSolution
		HideSolutionNode = FALSE
	EndGlobalSection
	GlobalSection(ExtensibilityGlobals) = postSolution
		SolutionGuid = {011C1CAD-24C0-4F01-A0DF-EF3FB760176C}
	EndGlobalSection
EndGlobal
